// !$*UTF8*$!
{
	archiveVersion = 1;
	classes = {
	};
	objectVersion = 56;
	objects = {

/* Begin PBXBuildFile section */
		1D280A242AE0AAA600C2FCAA /* JobDetailViewController.swift in Sources */ = {isa = PBXBuildFile; fileRef = 1D280A232AE0AAA600C2FCAA /* JobDetailViewController.swift */; };
		1D5F21D62AB984A200C6B8A7 /* ListViewContoroller.swift in Sources */ = {isa = PBXBuildFile; fileRef = 1D5F21D52AB984A200C6B8A7 /* ListViewContoroller.swift */; };
		1D6B60D82AB099DD00650B87 /* MapViewController.swift in Sources */ = {isa = PBXBuildFile; fileRef = 1D6B60D72AB099DD00650B87 /* MapViewController.swift */; };
		1DC2669D2AB196B40043AF2C /* Jobs.swift in Sources */ = {isa = PBXBuildFile; fileRef = 1DC2669C2AB196B40043AF2C /* Jobs.swift */; };
		1DCF69432AAFFA9600A19419 /* AppDelegate.swift in Sources */ = {isa = PBXBuildFile; fileRef = 1DCF69422AAFFA9600A19419 /* AppDelegate.swift */; };
		1DCF69452AAFFA9600A19419 /* SceneDelegate.swift in Sources */ = {isa = PBXBuildFile; fileRef = 1DCF69442AAFFA9600A19419 /* SceneDelegate.swift */; };
		1DCF694A2AAFFA9600A19419 /* Main.storyboard in Resources */ = {isa = PBXBuildFile; fileRef = 1DCF69482AAFFA9600A19419 /* Main.storyboard */; };
		1DCF694C2AAFFA9700A19419 /* Assets.xcassets in Resources */ = {isa = PBXBuildFile; fileRef = 1DCF694B2AAFFA9700A19419 /* Assets.xcassets */; };
		1DCF694F2AAFFA9700A19419 /* LaunchScreen.storyboard in Resources */ = {isa = PBXBuildFile; fileRef = 1DCF694D2AAFFA9700A19419 /* LaunchScreen.storyboard */; };
		1DCF695A2AAFFA9800A19419 /* SeoulCareerTests.swift in Sources */ = {isa = PBXBuildFile; fileRef = 1DCF69592AAFFA9800A19419 /* SeoulCareerTests.swift */; };
		1DCF69642AAFFA9800A19419 /* SeoulCareerUITests.swift in Sources */ = {isa = PBXBuildFile; fileRef = 1DCF69632AAFFA9800A19419 /* SeoulCareerUITests.swift */; };
		1DCF69662AAFFA9800A19419 /* SeoulCareerUITestsLaunchTests.swift in Sources */ = {isa = PBXBuildFile; fileRef = 1DCF69652AAFFA9800A19419 /* SeoulCareerUITestsLaunchTests.swift */; };
		1DD28E3F2AFDF9D70018A786 /* JobDataFetch.swift in Sources */ = {isa = PBXBuildFile; fileRef = 1DD28E3E2AFDF9D70018A786 /* JobDataFetch.swift */; };
		1DD350772B02772600A55040 /* ButtonFactory.swift in Sources */ = {isa = PBXBuildFile; fileRef = 1DD350762B02772600A55040 /* ButtonFactory.swift */; };
		1DD350B52B03070600A55040 /* BusanLocation.swift in Sources */ = {isa = PBXBuildFile; fileRef = 1DD350B42B03070600A55040 /* BusanLocation.swift */; };
		1DD350B72B030E0A00A55040 /* LocationManager.swift in Sources */ = {isa = PBXBuildFile; fileRef = 1DD350B62B030E0A00A55040 /* LocationManager.swift */; };
		1DDA7D702ADFA46900D9F4E8 /* JobListCell.swift in Sources */ = {isa = PBXBuildFile; fileRef = 1DDA7D6F2ADFA46900D9F4E8 /* JobListCell.swift */; };
		53687FCDE42C4A05A6BC39AC /* Pods_SeoulCareer_SeoulCareerUITests.framework in Frameworks */ = {isa = PBXBuildFile; fileRef = 92B8527720E0AA757681BA43 /* Pods_SeoulCareer_SeoulCareerUITests.framework */; };
		7790F0BB137518CCF13B297C /* Pods_SeoulCareerTests.framework in Frameworks */ = {isa = PBXBuildFile; fileRef = 7158E7B15E267F27BC35CF9F /* Pods_SeoulCareerTests.framework */; };
		D740E1E3BA545F57A58CFB42 /* Pods_SeoulCareer.framework in Frameworks */ = {isa = PBXBuildFile; fileRef = 2A8A52D95B4ABCB2A1FF73F2 /* Pods_SeoulCareer.framework */; };
/* End PBXBuildFile section */

/* Begin PBXContainerItemProxy section */
		1DCF69562AAFFA9800A19419 /* PBXContainerItemProxy */ = {
			isa = PBXContainerItemProxy;
			containerPortal = 1DCF69372AAFFA9600A19419 /* Project object */;
			proxyType = 1;
			remoteGlobalIDString = 1DCF693E2AAFFA9600A19419;
			remoteInfo = SeoulCareer;
		};
		1DCF69602AAFFA9800A19419 /* PBXContainerItemProxy */ = {
			isa = PBXContainerItemProxy;
			containerPortal = 1DCF69372AAFFA9600A19419 /* Project object */;
			proxyType = 1;
			remoteGlobalIDString = 1DCF693E2AAFFA9600A19419;
			remoteInfo = SeoulCareer;
		};
/* End PBXContainerItemProxy section */

/* Begin PBXFileReference section */
		1D280A232AE0AAA600C2FCAA /* JobDetailViewController.swift */ = {isa = PBXFileReference; lastKnownFileType = sourcecode.swift; path = JobDetailViewController.swift; sourceTree = "<group>"; };
		1D5F21D52AB984A200C6B8A7 /* ListViewContoroller.swift */ = {isa = PBXFileReference; lastKnownFileType = sourcecode.swift; path = ListViewContoroller.swift; sourceTree = "<group>"; };
		1D6B60D72AB099DD00650B87 /* MapViewController.swift */ = {isa = PBXFileReference; lastKnownFileType = sourcecode.swift; path = MapViewController.swift; sourceTree = "<group>"; };
		1D7356C42B035AB700A6100F /* KEY.xcconfig */ = {isa = PBXFileReference; lastKnownFileType = text.xcconfig; path = KEY.xcconfig; sourceTree = "<group>"; };
		1DC2669C2AB196B40043AF2C /* Jobs.swift */ = {isa = PBXFileReference; lastKnownFileType = sourcecode.swift; path = Jobs.swift; sourceTree = "<group>"; };
		1DCF693F2AAFFA9600A19419 /* SeoulCareer.app */ = {isa = PBXFileReference; explicitFileType = wrapper.application; includeInIndex = 0; path = SeoulCareer.app; sourceTree = BUILT_PRODUCTS_DIR; };
		1DCF69422AAFFA9600A19419 /* AppDelegate.swift */ = {isa = PBXFileReference; lastKnownFileType = sourcecode.swift; path = AppDelegate.swift; sourceTree = "<group>"; };
		1DCF69442AAFFA9600A19419 /* SceneDelegate.swift */ = {isa = PBXFileReference; lastKnownFileType = sourcecode.swift; path = SceneDelegate.swift; sourceTree = "<group>"; };
		1DCF69492AAFFA9600A19419 /* Base */ = {isa = PBXFileReference; lastKnownFileType = file.storyboard; name = Base; path = Base.lproj/Main.storyboard; sourceTree = "<group>"; };
		1DCF694B2AAFFA9700A19419 /* Assets.xcassets */ = {isa = PBXFileReference; lastKnownFileType = folder.assetcatalog; path = Assets.xcassets; sourceTree = "<group>"; };
		1DCF694E2AAFFA9700A19419 /* Base */ = {isa = PBXFileReference; lastKnownFileType = file.storyboard; name = Base; path = Base.lproj/LaunchScreen.storyboard; sourceTree = "<group>"; };
		1DCF69502AAFFA9700A19419 /* Info.plist */ = {isa = PBXFileReference; lastKnownFileType = text.plist.xml; path = Info.plist; sourceTree = "<group>"; };
		1DCF69552AAFFA9800A19419 /* SeoulCareerTests.xctest */ = {isa = PBXFileReference; explicitFileType = wrapper.cfbundle; includeInIndex = 0; path = SeoulCareerTests.xctest; sourceTree = BUILT_PRODUCTS_DIR; };
		1DCF69592AAFFA9800A19419 /* SeoulCareerTests.swift */ = {isa = PBXFileReference; lastKnownFileType = sourcecode.swift; path = SeoulCareerTests.swift; sourceTree = "<group>"; };
		1DCF695F2AAFFA9800A19419 /* SeoulCareerUITests.xctest */ = {isa = PBXFileReference; explicitFileType = wrapper.cfbundle; includeInIndex = 0; path = SeoulCareerUITests.xctest; sourceTree = BUILT_PRODUCTS_DIR; };
		1DCF69632AAFFA9800A19419 /* SeoulCareerUITests.swift */ = {isa = PBXFileReference; lastKnownFileType = sourcecode.swift; path = SeoulCareerUITests.swift; sourceTree = "<group>"; };
		1DCF69652AAFFA9800A19419 /* SeoulCareerUITestsLaunchTests.swift */ = {isa = PBXFileReference; lastKnownFileType = sourcecode.swift; path = SeoulCareerUITestsLaunchTests.swift; sourceTree = "<group>"; };
		1DD28E3E2AFDF9D70018A786 /* JobDataFetch.swift */ = {isa = PBXFileReference; lastKnownFileType = sourcecode.swift; path = JobDataFetch.swift; sourceTree = "<group>"; };
		1DD350762B02772600A55040 /* ButtonFactory.swift */ = {isa = PBXFileReference; lastKnownFileType = sourcecode.swift; path = ButtonFactory.swift; sourceTree = "<group>"; };
		1DD350B42B03070600A55040 /* BusanLocation.swift */ = {isa = PBXFileReference; lastKnownFileType = sourcecode.swift; path = BusanLocation.swift; sourceTree = "<group>"; };
		1DD350B62B030E0A00A55040 /* LocationManager.swift */ = {isa = PBXFileReference; lastKnownFileType = sourcecode.swift; path = LocationManager.swift; sourceTree = "<group>"; };
		1DDA7D6F2ADFA46900D9F4E8 /* JobListCell.swift */ = {isa = PBXFileReference; lastKnownFileType = sourcecode.swift; path = JobListCell.swift; sourceTree = "<group>"; };
		2A8A52D95B4ABCB2A1FF73F2 /* Pods_SeoulCareer.framework */ = {isa = PBXFileReference; explicitFileType = wrapper.framework; includeInIndex = 0; path = Pods_SeoulCareer.framework; sourceTree = BUILT_PRODUCTS_DIR; };
		476AECBB649C123B48F8EA3F /* Pods-SeoulCareer.release.xcconfig */ = {isa = PBXFileReference; includeInIndex = 1; lastKnownFileType = text.xcconfig; name = "Pods-SeoulCareer.release.xcconfig"; path = "Target Support Files/Pods-SeoulCareer/Pods-SeoulCareer.release.xcconfig"; sourceTree = "<group>"; };
		491FD66D3487F892CE827624 /* Pods-SeoulCareerTests.release.xcconfig */ = {isa = PBXFileReference; includeInIndex = 1; lastKnownFileType = text.xcconfig; name = "Pods-SeoulCareerTests.release.xcconfig"; path = "Target Support Files/Pods-SeoulCareerTests/Pods-SeoulCareerTests.release.xcconfig"; sourceTree = "<group>"; };
		7158E7B15E267F27BC35CF9F /* Pods_SeoulCareerTests.framework */ = {isa = PBXFileReference; explicitFileType = wrapper.framework; includeInIndex = 0; path = Pods_SeoulCareerTests.framework; sourceTree = BUILT_PRODUCTS_DIR; };
		88BCB2C3DB25A6BC836098DB /* Pods-SeoulCareerTests.debug.xcconfig */ = {isa = PBXFileReference; includeInIndex = 1; lastKnownFileType = text.xcconfig; name = "Pods-SeoulCareerTests.debug.xcconfig"; path = "Target Support Files/Pods-SeoulCareerTests/Pods-SeoulCareerTests.debug.xcconfig"; sourceTree = "<group>"; };
		92B8527720E0AA757681BA43 /* Pods_SeoulCareer_SeoulCareerUITests.framework */ = {isa = PBXFileReference; explicitFileType = wrapper.framework; includeInIndex = 0; path = Pods_SeoulCareer_SeoulCareerUITests.framework; sourceTree = BUILT_PRODUCTS_DIR; };
		99AF7919D49892F336D879EF /* Pods-SeoulCareer-SeoulCareerUITests.debug.xcconfig */ = {isa = PBXFileReference; includeInIndex = 1; lastKnownFileType = text.xcconfig; name = "Pods-SeoulCareer-SeoulCareerUITests.debug.xcconfig"; path = "Target Support Files/Pods-SeoulCareer-SeoulCareerUITests/Pods-SeoulCareer-SeoulCareerUITests.debug.xcconfig"; sourceTree = "<group>"; };
		AE957C75BB793D6F29B5EC60 /* Pods-SeoulCareer-SeoulCareerUITests.release.xcconfig */ = {isa = PBXFileReference; includeInIndex = 1; lastKnownFileType = text.xcconfig; name = "Pods-SeoulCareer-SeoulCareerUITests.release.xcconfig"; path = "Target Support Files/Pods-SeoulCareer-SeoulCareerUITests/Pods-SeoulCareer-SeoulCareerUITests.release.xcconfig"; sourceTree = "<group>"; };
		B123C420096444E448FA7BDC /* Pods-SeoulCareer.debug.xcconfig */ = {isa = PBXFileReference; includeInIndex = 1; lastKnownFileType = text.xcconfig; name = "Pods-SeoulCareer.debug.xcconfig"; path = "Target Support Files/Pods-SeoulCareer/Pods-SeoulCareer.debug.xcconfig"; sourceTree = "<group>"; };
/* End PBXFileReference section */

/* Begin PBXFrameworksBuildPhase section */
		1DCF693C2AAFFA9600A19419 /* Frameworks */ = {
			isa = PBXFrameworksBuildPhase;
			buildActionMask = 2147483647;
			files = (
				D740E1E3BA545F57A58CFB42 /* Pods_SeoulCareer.framework in Frameworks */,
			);
			runOnlyForDeploymentPostprocessing = 0;
		};
		1DCF69522AAFFA9800A19419 /* Frameworks */ = {
			isa = PBXFrameworksBuildPhase;
			buildActionMask = 2147483647;
			files = (
				7790F0BB137518CCF13B297C /* Pods_SeoulCareerTests.framework in Frameworks */,
			);
			runOnlyForDeploymentPostprocessing = 0;
		};
		1DCF695C2AAFFA9800A19419 /* Frameworks */ = {
			isa = PBXFrameworksBuildPhase;
			buildActionMask = 2147483647;
			files = (
				53687FCDE42C4A05A6BC39AC /* Pods_SeoulCareer_SeoulCareerUITests.framework in Frameworks */,
			);
			runOnlyForDeploymentPostprocessing = 0;
		};
/* End PBXFrameworksBuildPhase section */

/* Begin PBXGroup section */
		1DCF69362AAFFA9600A19419 = {
			isa = PBXGroup;
			children = (
				1DCF69412AAFFA9600A19419 /* SeoulCareer */,
				1DCF69582AAFFA9800A19419 /* SeoulCareerTests */,
				1DCF69622AAFFA9800A19419 /* SeoulCareerUITests */,
				1DCF69402AAFFA9600A19419 /* Products */,
				2C16852A0044A5E92E199897 /* Pods */,
				4B19C7866D6F5DE450716AEE /* Frameworks */,
			);
			sourceTree = "<group>";
		};
		1DCF69402AAFFA9600A19419 /* Products */ = {
			isa = PBXGroup;
			children = (
				1DCF693F2AAFFA9600A19419 /* SeoulCareer.app */,
				1DCF69552AAFFA9800A19419 /* SeoulCareerTests.xctest */,
				1DCF695F2AAFFA9800A19419 /* SeoulCareerUITests.xctest */,
			);
			name = Products;
			sourceTree = "<group>";
		};
		1DCF69412AAFFA9600A19419 /* SeoulCareer */ = {
			isa = PBXGroup;
			children = (
				1DD350B92B03498100A55040 /* Controller */,
				1DD350B82B03490500A55040 /* View */,
				1DD28E422AFE0FC60018A786 /* Model */,
				1DCF69422AAFFA9600A19419 /* AppDelegate.swift */,
				1DCF69442AAFFA9600A19419 /* SceneDelegate.swift */,
				1DCF69482AAFFA9600A19419 /* Main.storyboard */,
				1DCF694B2AAFFA9700A19419 /* Assets.xcassets */,
				1DCF694D2AAFFA9700A19419 /* LaunchScreen.storyboard */,
				1DCF69502AAFFA9700A19419 /* Info.plist */,
			);
			path = SeoulCareer;
			sourceTree = "<group>";
		};
		1DCF69582AAFFA9800A19419 /* SeoulCareerTests */ = {
			isa = PBXGroup;
			children = (
				1DCF69592AAFFA9800A19419 /* SeoulCareerTests.swift */,
			);
			path = SeoulCareerTests;
			sourceTree = "<group>";
		};
		1DCF69622AAFFA9800A19419 /* SeoulCareerUITests */ = {
			isa = PBXGroup;
			children = (
				1DCF69632AAFFA9800A19419 /* SeoulCareerUITests.swift */,
				1DCF69652AAFFA9800A19419 /* SeoulCareerUITestsLaunchTests.swift */,
			);
			path = SeoulCareerUITests;
			sourceTree = "<group>";
		};
		1DD28E422AFE0FC60018A786 /* Model */ = {
			isa = PBXGroup;
			children = (
				1DD28E3E2AFDF9D70018A786 /* JobDataFetch.swift */,
				1DC2669C2AB196B40043AF2C /* Jobs.swift */,
				1DD350B42B03070600A55040 /* BusanLocation.swift */,
				1DD350B62B030E0A00A55040 /* LocationManager.swift */,
			);
			path = Model;
			sourceTree = "<group>";
		};
		1DD350B82B03490500A55040 /* View */ = {
			isa = PBXGroup;
			children = (
				1DDA7D6F2ADFA46900D9F4E8 /* JobListCell.swift */,
				1DD350762B02772600A55040 /* ButtonFactory.swift */,
			);
			path = View;
			sourceTree = "<group>";
		};
		1DD350B92B03498100A55040 /* Controller */ = {
			isa = PBXGroup;
			children = (
				1D6B60D72AB099DD00650B87 /* MapViewController.swift */,
				1D280A232AE0AAA600C2FCAA /* JobDetailViewController.swift */,
				1D5F21D52AB984A200C6B8A7 /* ListViewContoroller.swift */,
			);
			path = Controller;
			sourceTree = "<group>";
		};
		2C16852A0044A5E92E199897 /* Pods */ = {
			isa = PBXGroup;
			children = (
				B123C420096444E448FA7BDC /* Pods-SeoulCareer.debug.xcconfig */,
				476AECBB649C123B48F8EA3F /* Pods-SeoulCareer.release.xcconfig */,
				99AF7919D49892F336D879EF /* Pods-SeoulCareer-SeoulCareerUITests.debug.xcconfig */,
				AE957C75BB793D6F29B5EC60 /* Pods-SeoulCareer-SeoulCareerUITests.release.xcconfig */,
				88BCB2C3DB25A6BC836098DB /* Pods-SeoulCareerTests.debug.xcconfig */,
				491FD66D3487F892CE827624 /* Pods-SeoulCareerTests.release.xcconfig */,
				1D7356C42B035AB700A6100F /* KEY.xcconfig */,
			);
			path = Pods;
			sourceTree = "<group>";
		};
		4B19C7866D6F5DE450716AEE /* Frameworks */ = {
			isa = PBXGroup;
			children = (
				2A8A52D95B4ABCB2A1FF73F2 /* Pods_SeoulCareer.framework */,
				92B8527720E0AA757681BA43 /* Pods_SeoulCareer_SeoulCareerUITests.framework */,
				7158E7B15E267F27BC35CF9F /* Pods_SeoulCareerTests.framework */,
			);
			name = Frameworks;
			sourceTree = "<group>";
		};
/* End PBXGroup section */

/* Begin PBXNativeTarget section */
		1DCF693E2AAFFA9600A19419 /* SeoulCareer */ = {
			isa = PBXNativeTarget;
			buildConfigurationList = 1DCF69692AAFFA9800A19419 /* Build configuration list for PBXNativeTarget "SeoulCareer" */;
			buildPhases = (
				032BE0124F469951FBA0F653 /* [CP] Check Pods Manifest.lock */,
				1DCF693B2AAFFA9600A19419 /* Sources */,
				1DCF693C2AAFFA9600A19419 /* Frameworks */,
				1DCF693D2AAFFA9600A19419 /* Resources */,
				64B078CC65EB452C1656F87D /* [CP] Embed Pods Frameworks */,
			);
			buildRules = (
			);
			dependencies = (
			);
			name = SeoulCareer;
			productName = SeoulCareer;
			productReference = 1DCF693F2AAFFA9600A19419 /* SeoulCareer.app */;
			productType = "com.apple.product-type.application";
		};
		1DCF69542AAFFA9800A19419 /* SeoulCareerTests */ = {
			isa = PBXNativeTarget;
			buildConfigurationList = 1DCF696C2AAFFA9800A19419 /* Build configuration list for PBXNativeTarget "SeoulCareerTests" */;
			buildPhases = (
				520BEB2292DA1A2D95A7113E /* [CP] Check Pods Manifest.lock */,
				1DCF69512AAFFA9800A19419 /* Sources */,
				1DCF69522AAFFA9800A19419 /* Frameworks */,
				1DCF69532AAFFA9800A19419 /* Resources */,
			);
			buildRules = (
			);
			dependencies = (
				1DCF69572AAFFA9800A19419 /* PBXTargetDependency */,
			);
			name = SeoulCareerTests;
			productName = SeoulCareerTests;
			productReference = 1DCF69552AAFFA9800A19419 /* SeoulCareerTests.xctest */;
			productType = "com.apple.product-type.bundle.unit-test";
		};
		1DCF695E2AAFFA9800A19419 /* SeoulCareerUITests */ = {
			isa = PBXNativeTarget;
			buildConfigurationList = 1DCF696F2AAFFA9800A19419 /* Build configuration list for PBXNativeTarget "SeoulCareerUITests" */;
			buildPhases = (
				FE0E754321AFBBA93763E51A /* [CP] Check Pods Manifest.lock */,
				1DCF695B2AAFFA9800A19419 /* Sources */,
				1DCF695C2AAFFA9800A19419 /* Frameworks */,
				1DCF695D2AAFFA9800A19419 /* Resources */,
				360146EEC3C04DC940CCBC23 /* [CP] Embed Pods Frameworks */,
			);
			buildRules = (
			);
			dependencies = (
				1DCF69612AAFFA9800A19419 /* PBXTargetDependency */,
			);
			name = SeoulCareerUITests;
			productName = SeoulCareerUITests;
			productReference = 1DCF695F2AAFFA9800A19419 /* SeoulCareerUITests.xctest */;
			productType = "com.apple.product-type.bundle.ui-testing";
		};
/* End PBXNativeTarget section */

/* Begin PBXProject section */
		1DCF69372AAFFA9600A19419 /* Project object */ = {
			isa = PBXProject;
			attributes = {
				BuildIndependentTargetsInParallel = 1;
				LastSwiftUpdateCheck = 1430;
				LastUpgradeCheck = 1430;
				TargetAttributes = {
					1DCF693E2AAFFA9600A19419 = {
						CreatedOnToolsVersion = 14.3.1;
					};
					1DCF69542AAFFA9800A19419 = {
						CreatedOnToolsVersion = 14.3.1;
						TestTargetID = 1DCF693E2AAFFA9600A19419;
					};
					1DCF695E2AAFFA9800A19419 = {
						CreatedOnToolsVersion = 14.3.1;
						TestTargetID = 1DCF693E2AAFFA9600A19419;
					};
				};
			};
			buildConfigurationList = 1DCF693A2AAFFA9600A19419 /* Build configuration list for PBXProject "SeoulCareer" */;
			compatibilityVersion = "Xcode 14.0";
			developmentRegion = en;
			hasScannedForEncodings = 0;
			knownRegions = (
				en,
				Base,
			);
			mainGroup = 1DCF69362AAFFA9600A19419;
			productRefGroup = 1DCF69402AAFFA9600A19419 /* Products */;
			projectDirPath = "";
			projectRoot = "";
			targets = (
				1DCF693E2AAFFA9600A19419 /* SeoulCareer */,
				1DCF69542AAFFA9800A19419 /* SeoulCareerTests */,
				1DCF695E2AAFFA9800A19419 /* SeoulCareerUITests */,
			);
		};
/* End PBXProject section */

/* Begin PBXResourcesBuildPhase section */
		1DCF693D2AAFFA9600A19419 /* Resources */ = {
			isa = PBXResourcesBuildPhase;
			buildActionMask = 2147483647;
			files = (
				1DCF694F2AAFFA9700A19419 /* LaunchScreen.storyboard in Resources */,
				1DCF694C2AAFFA9700A19419 /* Assets.xcassets in Resources */,
				1DCF694A2AAFFA9600A19419 /* Main.storyboard in Resources */,
			);
			runOnlyForDeploymentPostprocessing = 0;
		};
		1DCF69532AAFFA9800A19419 /* Resources */ = {
			isa = PBXResourcesBuildPhase;
			buildActionMask = 2147483647;
			files = (
			);
			runOnlyForDeploymentPostprocessing = 0;
		};
		1DCF695D2AAFFA9800A19419 /* Resources */ = {
			isa = PBXResourcesBuildPhase;
			buildActionMask = 2147483647;
			files = (
			);
			runOnlyForDeploymentPostprocessing = 0;
		};
/* End PBXResourcesBuildPhase section */

/* Begin PBXShellScriptBuildPhase section */
		032BE0124F469951FBA0F653 /* [CP] Check Pods Manifest.lock */ = {
			isa = PBXShellScriptBuildPhase;
			buildActionMask = 2147483647;
			files = (
			);
			inputFileListPaths = (
			);
			inputPaths = (
				"${PODS_PODFILE_DIR_PATH}/Podfile.lock",
				"${PODS_ROOT}/Manifest.lock",
			);
			name = "[CP] Check Pods Manifest.lock";
			outputFileListPaths = (
			);
			outputPaths = (
				"$(DERIVED_FILE_DIR)/Pods-SeoulCareer-checkManifestLockResult.txt",
			);
			runOnlyForDeploymentPostprocessing = 0;
			shellPath = /bin/sh;
			shellScript = "diff \"${PODS_PODFILE_DIR_PATH}/Podfile.lock\" \"${PODS_ROOT}/Manifest.lock\" > /dev/null\nif [ $? != 0 ] ; then\n    # print error to STDERR\n    echo \"error: The sandbox is not in sync with the Podfile.lock. Run 'pod install' or update your CocoaPods installation.\" >&2\n    exit 1\nfi\n# This output is used by Xcode 'outputs' to avoid re-running this script phase.\necho \"SUCCESS\" > \"${SCRIPT_OUTPUT_FILE_0}\"\n";
			showEnvVarsInLog = 0;
		};
		360146EEC3C04DC940CCBC23 /* [CP] Embed Pods Frameworks */ = {
			isa = PBXShellScriptBuildPhase;
			buildActionMask = 2147483647;
			files = (
			);
			inputFileListPaths = (
				"${PODS_ROOT}/Target Support Files/Pods-SeoulCareer-SeoulCareerUITests/Pods-SeoulCareer-SeoulCareerUITests-frameworks-${CONFIGURATION}-input-files.xcfilelist",
			);
			name = "[CP] Embed Pods Frameworks";
			outputFileListPaths = (
				"${PODS_ROOT}/Target Support Files/Pods-SeoulCareer-SeoulCareerUITests/Pods-SeoulCareer-SeoulCareerUITests-frameworks-${CONFIGURATION}-output-files.xcfilelist",
			);
			runOnlyForDeploymentPostprocessing = 0;
			shellPath = /bin/sh;
			shellScript = "\"${PODS_ROOT}/Target Support Files/Pods-SeoulCareer-SeoulCareerUITests/Pods-SeoulCareer-SeoulCareerUITests-frameworks.sh\"\n";
			showEnvVarsInLog = 0;
		};
		520BEB2292DA1A2D95A7113E /* [CP] Check Pods Manifest.lock */ = {
			isa = PBXShellScriptBuildPhase;
			buildActionMask = 2147483647;
			files = (
			);
			inputFileListPaths = (
			);
			inputPaths = (
				"${PODS_PODFILE_DIR_PATH}/Podfile.lock",
				"${PODS_ROOT}/Manifest.lock",
			);
			name = "[CP] Check Pods Manifest.lock";
			outputFileListPaths = (
			);
			outputPaths = (
				"$(DERIVED_FILE_DIR)/Pods-SeoulCareerTests-checkManifestLockResult.txt",
			);
			runOnlyForDeploymentPostprocessing = 0;
			shellPath = /bin/sh;
			shellScript = "diff \"${PODS_PODFILE_DIR_PATH}/Podfile.lock\" \"${PODS_ROOT}/Manifest.lock\" > /dev/null\nif [ $? != 0 ] ; then\n    # print error to STDERR\n    echo \"error: The sandbox is not in sync with the Podfile.lock. Run 'pod install' or update your CocoaPods installation.\" >&2\n    exit 1\nfi\n# This output is used by Xcode 'outputs' to avoid re-running this script phase.\necho \"SUCCESS\" > \"${SCRIPT_OUTPUT_FILE_0}\"\n";
			showEnvVarsInLog = 0;
		};
		64B078CC65EB452C1656F87D /* [CP] Embed Pods Frameworks */ = {
			isa = PBXShellScriptBuildPhase;
			buildActionMask = 2147483647;
			files = (
			);
			inputFileListPaths = (
				"${PODS_ROOT}/Target Support Files/Pods-SeoulCareer/Pods-SeoulCareer-frameworks-${CONFIGURATION}-input-files.xcfilelist",
			);
			name = "[CP] Embed Pods Frameworks";
			outputFileListPaths = (
				"${PODS_ROOT}/Target Support Files/Pods-SeoulCareer/Pods-SeoulCareer-frameworks-${CONFIGURATION}-output-files.xcfilelist",
			);
			runOnlyForDeploymentPostprocessing = 0;
			shellPath = /bin/sh;
			shellScript = "\"${PODS_ROOT}/Target Support Files/Pods-SeoulCareer/Pods-SeoulCareer-frameworks.sh\"\n";
			showEnvVarsInLog = 0;
		};
		FE0E754321AFBBA93763E51A /* [CP] Check Pods Manifest.lock */ = {
			isa = PBXShellScriptBuildPhase;
			buildActionMask = 2147483647;
			files = (
			);
			inputFileListPaths = (
			);
			inputPaths = (
				"${PODS_PODFILE_DIR_PATH}/Podfile.lock",
				"${PODS_ROOT}/Manifest.lock",
			);
			name = "[CP] Check Pods Manifest.lock";
			outputFileListPaths = (
			);
			outputPaths = (
				"$(DERIVED_FILE_DIR)/Pods-SeoulCareer-SeoulCareerUITests-checkManifestLockResult.txt",
			);
			runOnlyForDeploymentPostprocessing = 0;
			shellPath = /bin/sh;
			shellScript = "diff \"${PODS_PODFILE_DIR_PATH}/Podfile.lock\" \"${PODS_ROOT}/Manifest.lock\" > /dev/null\nif [ $? != 0 ] ; then\n    # print error to STDERR\n    echo \"error: The sandbox is not in sync with the Podfile.lock. Run 'pod install' or update your CocoaPods installation.\" >&2\n    exit 1\nfi\n# This output is used by Xcode 'outputs' to avoid re-running this script phase.\necho \"SUCCESS\" > \"${SCRIPT_OUTPUT_FILE_0}\"\n";
			showEnvVarsInLog = 0;
		};
/* End PBXShellScriptBuildPhase section */

/* Begin PBXSourcesBuildPhase section */
		1DCF693B2AAFFA9600A19419 /* Sources */ = {
			isa = PBXSourcesBuildPhase;
			buildActionMask = 2147483647;
			files = (
				1DD350772B02772600A55040 /* ButtonFactory.swift in Sources */,
				1DCF69432AAFFA9600A19419 /* AppDelegate.swift in Sources */,
				1DD350B52B03070600A55040 /* BusanLocation.swift in Sources */,
				1DD350B72B030E0A00A55040 /* LocationManager.swift in Sources */,
				1DDA7D702ADFA46900D9F4E8 /* JobListCell.swift in Sources */,
				1D280A242AE0AAA600C2FCAA /* JobDetailViewController.swift in Sources */,
				1D6B60D82AB099DD00650B87 /* MapViewController.swift in Sources */,
				1DD28E3F2AFDF9D70018A786 /* JobDataFetch.swift in Sources */,
				1D5F21D62AB984A200C6B8A7 /* ListViewContoroller.swift in Sources */,
				1DCF69452AAFFA9600A19419 /* SceneDelegate.swift in Sources */,
				1DC2669D2AB196B40043AF2C /* Jobs.swift in Sources */,
			);
			runOnlyForDeploymentPostprocessing = 0;
		};
		1DCF69512AAFFA9800A19419 /* Sources */ = {
			isa = PBXSourcesBuildPhase;
			buildActionMask = 2147483647;
			files = (
				1DCF695A2AAFFA9800A19419 /* SeoulCareerTests.swift in Sources */,
			);
			runOnlyForDeploymentPostprocessing = 0;
		};
		1DCF695B2AAFFA9800A19419 /* Sources */ = {
			isa = PBXSourcesBuildPhase;
			buildActionMask = 2147483647;
			files = (
				1DCF69642AAFFA9800A19419 /* SeoulCareerUITests.swift in Sources */,
				1DCF69662AAFFA9800A19419 /* SeoulCareerUITestsLaunchTests.swift in Sources */,
			);
			runOnlyForDeploymentPostprocessing = 0;
		};
/* End PBXSourcesBuildPhase section */

/* Begin PBXTargetDependency section */
		1DCF69572AAFFA9800A19419 /* PBXTargetDependency */ = {
			isa = PBXTargetDependency;
			target = 1DCF693E2AAFFA9600A19419 /* SeoulCareer */;
			targetProxy = 1DCF69562AAFFA9800A19419 /* PBXContainerItemProxy */;
		};
		1DCF69612AAFFA9800A19419 /* PBXTargetDependency */ = {
			isa = PBXTargetDependency;
			target = 1DCF693E2AAFFA9600A19419 /* SeoulCareer */;
			targetProxy = 1DCF69602AAFFA9800A19419 /* PBXContainerItemProxy */;
		};
/* End PBXTargetDependency section */

/* Begin PBXVariantGroup section */
		1DCF69482AAFFA9600A19419 /* Main.storyboard */ = {
			isa = PBXVariantGroup;
			children = (
				1DCF69492AAFFA9600A19419 /* Base */,
			);
			name = Main.storyboard;
			sourceTree = "<group>";
		};
		1DCF694D2AAFFA9700A19419 /* LaunchScreen.storyboard */ = {
			isa = PBXVariantGroup;
			children = (
				1DCF694E2AAFFA9700A19419 /* Base */,
			);
			name = LaunchScreen.storyboard;
			sourceTree = "<group>";
		};
/* End PBXVariantGroup section */

/* Begin XCBuildConfiguration section */
		1DCF69672AAFFA9800A19419 /* Debug */ = {
			isa = XCBuildConfiguration;
			buildSettings = {
				ALWAYS_SEARCH_USER_PATHS = NO;
				CLANG_ANALYZER_NONNULL = YES;
				CLANG_ANALYZER_NUMBER_OBJECT_CONVERSION = YES_AGGRESSIVE;
				CLANG_CXX_LANGUAGE_STANDARD = "gnu++20";
				CLANG_ENABLE_MODULES = YES;
				CLANG_ENABLE_OBJC_ARC = YES;
				CLANG_ENABLE_OBJC_WEAK = YES;
				CLANG_WARN_BLOCK_CAPTURE_AUTORELEASING = YES;
				CLANG_WARN_BOOL_CONVERSION = YES;
				CLANG_WARN_COMMA = YES;
				CLANG_WARN_CONSTANT_CONVERSION = YES;
				CLANG_WARN_DEPRECATED_OBJC_IMPLEMENTATIONS = YES;
				CLANG_WARN_DIRECT_OBJC_ISA_USAGE = YES_ERROR;
				CLANG_WARN_DOCUMENTATION_COMMENTS = YES;
				CLANG_WARN_EMPTY_BODY = YES;
				CLANG_WARN_ENUM_CONVERSION = YES;
				CLANG_WARN_INFINITE_RECURSION = YES;
				CLANG_WARN_INT_CONVERSION = YES;
				CLANG_WARN_NON_LITERAL_NULL_CONVERSION = YES;
				CLANG_WARN_OBJC_IMPLICIT_RETAIN_SELF = YES;
				CLANG_WARN_OBJC_LITERAL_CONVERSION = YES;
				CLANG_WARN_OBJC_ROOT_CLASS = YES_ERROR;
				CLANG_WARN_QUOTED_INCLUDE_IN_FRAMEWORK_HEADER = YES;
				CLANG_WARN_RANGE_LOOP_ANALYSIS = YES;
				CLANG_WARN_STRICT_PROTOTYPES = YES;
				CLANG_WARN_SUSPICIOUS_MOVE = YES;
				CLANG_WARN_UNGUARDED_AVAILABILITY = YES_AGGRESSIVE;
				CLANG_WARN_UNREACHABLE_CODE = YES;
				CLANG_WARN__DUPLICATE_METHOD_MATCH = YES;
				COPY_PHASE_STRIP = NO;
				DEBUG_INFORMATION_FORMAT = dwarf;
				ENABLE_STRICT_OBJC_MSGSEND = YES;
				ENABLE_TESTABILITY = YES;
				GCC_C_LANGUAGE_STANDARD = gnu11;
				GCC_DYNAMIC_NO_PIC = NO;
				GCC_NO_COMMON_BLOCKS = YES;
				GCC_OPTIMIZATION_LEVEL = 0;
				GCC_PREPROCESSOR_DEFINITIONS = (
					"DEBUG=1",
					"$(inherited)",
				);
				GCC_WARN_64_TO_32_BIT_CONVERSION = YES;
				GCC_WARN_ABOUT_RETURN_TYPE = YES_ERROR;
				GCC_WARN_UNDECLARED_SELECTOR = YES;
				GCC_WARN_UNINITIALIZED_AUTOS = YES_AGGRESSIVE;
				GCC_WARN_UNUSED_FUNCTION = YES;
				GCC_WARN_UNUSED_VARIABLE = YES;
				IPHONEOS_DEPLOYMENT_TARGET = 16.4;
				MTL_ENABLE_DEBUG_INFO = INCLUDE_SOURCE;
				MTL_FAST_MATH = YES;
				ONLY_ACTIVE_ARCH = YES;
				SDKROOT = iphoneos;
				SWIFT_ACTIVE_COMPILATION_CONDITIONS = DEBUG;
				SWIFT_OPTIMIZATION_LEVEL = "-Onone";
			};
			name = Debug;
		};
		1DCF69682AAFFA9800A19419 /* Release */ = {
			isa = XCBuildConfiguration;
			buildSettings = {
				ALWAYS_SEARCH_USER_PATHS = NO;
				CLANG_ANALYZER_NONNULL = YES;
				CLANG_ANALYZER_NUMBER_OBJECT_CONVERSION = YES_AGGRESSIVE;
				CLANG_CXX_LANGUAGE_STANDARD = "gnu++20";
				CLANG_ENABLE_MODULES = YES;
				CLANG_ENABLE_OBJC_ARC = YES;
				CLANG_ENABLE_OBJC_WEAK = YES;
				CLANG_WARN_BLOCK_CAPTURE_AUTORELEASING = YES;
				CLANG_WARN_BOOL_CONVERSION = YES;
				CLANG_WARN_COMMA = YES;
				CLANG_WARN_CONSTANT_CONVERSION = YES;
				CLANG_WARN_DEPRECATED_OBJC_IMPLEMENTATIONS = YES;
				CLANG_WARN_DIRECT_OBJC_ISA_USAGE = YES_ERROR;
				CLANG_WARN_DOCUMENTATION_COMMENTS = YES;
				CLANG_WARN_EMPTY_BODY = YES;
				CLANG_WARN_ENUM_CONVERSION = YES;
				CLANG_WARN_INFINITE_RECURSION = YES;
				CLANG_WARN_INT_CONVERSION = YES;
				CLANG_WARN_NON_LITERAL_NULL_CONVERSION = YES;
				CLANG_WARN_OBJC_IMPLICIT_RETAIN_SELF = YES;
				CLANG_WARN_OBJC_LITERAL_CONVERSION = YES;
				CLANG_WARN_OBJC_ROOT_CLASS = YES_ERROR;
				CLANG_WARN_QUOTED_INCLUDE_IN_FRAMEWORK_HEADER = YES;
				CLANG_WARN_RANGE_LOOP_ANALYSIS = YES;
				CLANG_WARN_STRICT_PROTOTYPES = YES;
				CLANG_WARN_SUSPICIOUS_MOVE = YES;
				CLANG_WARN_UNGUARDED_AVAILABILITY = YES_AGGRESSIVE;
				CLANG_WARN_UNREACHABLE_CODE = YES;
				CLANG_WARN__DUPLICATE_METHOD_MATCH = YES;
				COPY_PHASE_STRIP = NO;
				DEBUG_INFORMATION_FORMAT = "dwarf-with-dsym";
				ENABLE_NS_ASSERTIONS = NO;
				ENABLE_STRICT_OBJC_MSGSEND = YES;
				GCC_C_LANGUAGE_STANDARD = gnu11;
				GCC_NO_COMMON_BLOCKS = YES;
				GCC_WARN_64_TO_32_BIT_CONVERSION = YES;
				GCC_WARN_ABOUT_RETURN_TYPE = YES_ERROR;
				GCC_WARN_UNDECLARED_SELECTOR = YES;
				GCC_WARN_UNINITIALIZED_AUTOS = YES_AGGRESSIVE;
				GCC_WARN_UNUSED_FUNCTION = YES;
				GCC_WARN_UNUSED_VARIABLE = YES;
				IPHONEOS_DEPLOYMENT_TARGET = 16.4;
				MTL_ENABLE_DEBUG_INFO = NO;
				MTL_FAST_MATH = YES;
				SDKROOT = iphoneos;
				SWIFT_COMPILATION_MODE = wholemodule;
				SWIFT_OPTIMIZATION_LEVEL = "-O";
				VALIDATE_PRODUCT = YES;
			};
			name = Release;
		};
		1DCF696A2AAFFA9800A19419 /* Debug */ = {
			isa = XCBuildConfiguration;
			baseConfigurationReference = 1D7356C42B035AB700A6100F /* KEY.xcconfig */;
			buildSettings = {
				ASSETCATALOG_COMPILER_APPICON_NAME = AppIcon;
				ASSETCATALOG_COMPILER_GLOBAL_ACCENT_COLOR_NAME = AccentColor;
				CODE_SIGN_STYLE = Automatic;
				CURRENT_PROJECT_VERSION = 1;
				DEVELOPMENT_TEAM = 6763324T69;
				GENERATE_INFOPLIST_FILE = YES;
				INFOPLIST_FILE = SeoulCareer/Info.plist;
				INFOPLIST_KEY_NSLocationAlwaysAndWhenInUseUsageDescription = "사용자의 위치를 받아오려고 합니다.";
				INFOPLIST_KEY_NSLocationWhenInUseUsageDescription = "사용자의 위치를 받아오려고 합니다.";
				INFOPLIST_KEY_UIApplicationSupportsIndirectInputEvents = YES;
				INFOPLIST_KEY_UILaunchStoryboardName = LaunchScreen;
				INFOPLIST_KEY_UIMainStoryboardFile = Main;
				INFOPLIST_KEY_UISupportedInterfaceOrientations_iPad = "UIInterfaceOrientationPortrait UIInterfaceOrientationPortraitUpsideDown UIInterfaceOrientationLandscapeLeft UIInterfaceOrientationLandscapeRight";
				INFOPLIST_KEY_UISupportedInterfaceOrientations_iPhone = "UIInterfaceOrientationPortrait UIInterfaceOrientationLandscapeLeft UIInterfaceOrientationLandscapeRight";
				LD_RUNPATH_SEARCH_PATHS = (
					"$(inherited)",
					"@executable_path/Frameworks",
				);
				MARKETING_VERSION = 1.0;
				PRODUCT_BUNDLE_IDENTIFIER = Test.SeoulCareer;
				PRODUCT_NAME = "$(TARGET_NAME)";
				SWIFT_EMIT_LOC_STRINGS = YES;
				SWIFT_VERSION = 5.0;
				TARGETED_DEVICE_FAMILY = "1,2";
			};
			name = Debug;
		};
		1DCF696B2AAFFA9800A19419 /* Release */ = {
			isa = XCBuildConfiguration;
			baseConfigurationReference = 476AECBB649C123B48F8EA3F /* Pods-SeoulCareer.release.xcconfig */;
			buildSettings = {
				ASSETCATALOG_COMPILER_APPICON_NAME = AppIcon;
				ASSETCATALOG_COMPILER_GLOBAL_ACCENT_COLOR_NAME = AccentColor;
				CODE_SIGN_STYLE = Automatic;
				CURRENT_PROJECT_VERSION = 1;
				DEVELOPMENT_TEAM = 6763324T69;
				GENERATE_INFOPLIST_FILE = YES;
				INFOPLIST_FILE = SeoulCareer/Info.plist;
				INFOPLIST_KEY_NSLocationAlwaysAndWhenInUseUsageDescription = "사용자의 위치를 받아오려고 합니다.";
				INFOPLIST_KEY_NSLocationWhenInUseUsageDescription = "사용자의 위치를 받아오려고 합니다.";
				INFOPLIST_KEY_UIApplicationSupportsIndirectInputEvents = YES;
				INFOPLIST_KEY_UILaunchStoryboardName = LaunchScreen;
				INFOPLIST_KEY_UIMainStoryboardFile = Main;
				INFOPLIST_KEY_UISupportedInterfaceOrientations_iPad = "UIInterfaceOrientationPortrait UIInterfaceOrientationPortraitUpsideDown UIInterfaceOrientationLandscapeLeft UIInterfaceOrientationLandscapeRight";
				INFOPLIST_KEY_UISupportedInterfaceOrientations_iPhone = "UIInterfaceOrientationPortrait UIInterfaceOrientationLandscapeLeft UIInterfaceOrientationLandscapeRight";
				LD_RUNPATH_SEARCH_PATHS = (
					"$(inherited)",
					"@executable_path/Frameworks",
				);
				MARKETING_VERSION = 1.0;
				PRODUCT_BUNDLE_IDENTIFIER = Test.SeoulCareer;
				PRODUCT_NAME = "$(TARGET_NAME)";
				SWIFT_EMIT_LOC_STRINGS = YES;
				SWIFT_VERSION = 5.0;
				TARGETED_DEVICE_FAMILY = "1,2";
			};
			name = Release;
		};
		1DCF696D2AAFFA9800A19419 /* Debug */ = {
			isa = XCBuildConfiguration;
			baseConfigurationReference = 88BCB2C3DB25A6BC836098DB /* Pods-SeoulCareerTests.debug.xcconfig */;
			buildSettings = {
				ALWAYS_EMBED_SWIFT_STANDARD_LIBRARIES = YES;
				BUNDLE_LOADER = "$(TEST_HOST)";
				CODE_SIGN_STYLE = Automatic;
				CURRENT_PROJECT_VERSION = 1;
				DEVELOPMENT_TEAM = 6763324T69;
				GENERATE_INFOPLIST_FILE = YES;
				IPHONEOS_DEPLOYMENT_TARGET = 16.4;
				MARKETING_VERSION = 1.0;
				PRODUCT_BUNDLE_IDENTIFIER = Test.SeoulCareerTests;
				PRODUCT_NAME = "$(TARGET_NAME)";
				SWIFT_EMIT_LOC_STRINGS = NO;
				SWIFT_VERSION = 5.0;
				TARGETED_DEVICE_FAMILY = "1,2";
				TEST_HOST = "$(BUILT_PRODUCTS_DIR)/SeoulCareer.app/$(BUNDLE_EXECUTABLE_FOLDER_PATH)/SeoulCareer";
			};
			name = Debug;
		};
		1DCF696E2AAFFA9800A19419 /* Release */ = {
			isa = XCBuildConfiguration;
			baseConfigurationReference = 491FD66D3487F892CE827624 /* Pods-SeoulCareerTests.release.xcconfig */;
			buildSettings = {
				ALWAYS_EMBED_SWIFT_STANDARD_LIBRARIES = YES;
				BUNDLE_LOADER = "$(TEST_HOST)";
				CODE_SIGN_STYLE = Automatic;
				CURRENT_PROJECT_VERSION = 1;
				DEVELOPMENT_TEAM = 6763324T69;
				GENERATE_INFOPLIST_FILE = YES;
				IPHONEOS_DEPLOYMENT_TARGET = 16.4;
				MARKETING_VERSION = 1.0;
				PRODUCT_BUNDLE_IDENTIFIER = Test.SeoulCareerTests;
				PRODUCT_NAME = "$(TARGET_NAME)";
				SWIFT_EMIT_LOC_STRINGS = NO;
				SWIFT_VERSION = 5.0;
				TARGETED_DEVICE_FAMILY = "1,2";
				TEST_HOST = "$(BUILT_PRODUCTS_DIR)/SeoulCareer.app/$(BUNDLE_EXECUTABLE_FOLDER_PATH)/SeoulCareer";
			};
			name = Release;
		};
		1DCF69702AAFFA9800A19419 /* Debug */ = {
			isa = XCBuildConfiguration;
			baseConfigurationReference = 99AF7919D49892F336D879EF /* Pods-SeoulCareer-SeoulCareerUITests.debug.xcconfig */;
			buildSettings = {
				ALWAYS_EMBED_SWIFT_STANDARD_LIBRARIES = YES;
				CODE_SIGN_STYLE = Automatic;
				CURRENT_PROJECT_VERSION = 1;
				DEVELOPMENT_TEAM = 6763324T69;
				GENERATE_INFOPLIST_FILE = YES;
				MARKETING_VERSION = 1.0;
				PRODUCT_BUNDLE_IDENTIFIER = Test.SeoulCareerUITests;
				PRODUCT_NAME = "$(TARGET_NAME)";
				SWIFT_EMIT_LOC_STRINGS = NO;
				SWIFT_VERSION = 5.0;
				TARGETED_DEVICE_FAMILY = "1,2";
				TEST_TARGET_NAME = SeoulCareer;
			};
			name = Debug;
		};
		1DCF69712AAFFA9800A19419 /* Release */ = {
			isa = XCBuildConfiguration;
			baseConfigurationReference = AE957C75BB793D6F29B5EC60 /* Pods-SeoulCareer-SeoulCareerUITests.release.xcconfig */;
			buildSettings = {
				ALWAYS_EMBED_SWIFT_STANDARD_LIBRARIES = YES;
				CODE_SIGN_STYLE = Automatic;
				CURRENT_PROJECT_VERSION = 1;
				DEVELOPMENT_TEAM = 6763324T69;
				GENERATE_INFOPLIST_FILE = YES;
				MARKETING_VERSION = 1.0;
				PRODUCT_BUNDLE_IDENTIFIER = Test.SeoulCareerUITests;
				PRODUCT_NAME = "$(TARGET_NAME)";
				SWIFT_EMIT_LOC_STRINGS = NO;
				SWIFT_VERSION = 5.0;
				TARGETED_DEVICE_FAMILY = "1,2";
				TEST_TARGET_NAME = SeoulCareer;
			};
			name = Release;
		};
/* End XCBuildConfiguration section */

/* Begin XCConfigurationList section */
		1DCF693A2AAFFA9600A19419 /* Build configuration list for PBXProject "SeoulCareer" */ = {
			isa = XCConfigurationList;
			buildConfigurations = (
				1DCF69672AAFFA9800A19419 /* Debug */,
				1DCF69682AAFFA9800A19419 /* Release */,
			);
			defaultConfigurationIsVisible = 0;
			defaultConfigurationName = Release;
		};
		1DCF69692AAFFA9800A19419 /* Build configuration list for PBXNativeTarget "SeoulCareer" */ = {
			isa = XCConfigurationList;
			buildConfigurations = (
				1DCF696A2AAFFA9800A19419 /* Debug */,
				1DCF696B2AAFFA9800A19419 /* Release */,
			);
			defaultConfigurationIsVisible = 0;
			defaultConfigurationName = Release;
		};
		1DCF696C2AAFFA9800A19419 /* Build configuration list for PBXNativeTarget "SeoulCareerTests" */ = {
			isa = XCConfigurationList;
			buildConfigurations = (
				1DCF696D2AAFFA9800A19419 /* Debug */,
				1DCF696E2AAFFA9800A19419 /* Release */,
			);
			defaultConfigurationIsVisible = 0;
			defaultConfigurationName = Release;
		};
		1DCF696F2AAFFA9800A19419 /* Build configuration list for PBXNativeTarget "SeoulCareerUITests" */ = {
			isa = XCConfigurationList;
			buildConfigurations = (
				1DCF69702AAFFA9800A19419 /* Debug */,
				1DCF69712AAFFA9800A19419 /* Release */,
			);
			defaultConfigurationIsVisible = 0;
			defaultConfigurationName = Release;
		};
/* End XCConfigurationList section */
	};
	rootObject = 1DCF69372AAFFA9600A19419 /* Project object */;
}
